{
  "name": "weekly-readings",
  "lockfileVersion": 3,
  "requires": true,
  "packages": {
    "": {
      "dependencies": {
        "@hebcal/core": "^3.50.4"
      }
    },
    "node_modules/@hebcal/core": {
      "version": "3.50.4",
      "resolved": "https://registry.npmjs.org/@hebcal/core/-/core-3.50.4.tgz",
      "integrity": "sha512-VUQMLGcrtWEwGjUOftWADtPcXBhLZG8/a33ySB5TYxoRlVmrHURL7H/oefAH857hj0h1mIBB0HWhdS/ApBviJg==",
      "engines": {
        "node": ">= 12.17.0"
      }
    }
  }
}
